
Microsoft Visual Studio Solution File, Format Version 12.00
# Visual Studio Version 16
VisualStudioVersion = 16.0.29009.5
MinimumVisualStudioVersion = 10.0.40219.1
Project("{FAE04EC0-301F-11D3-BF4B-00C04F79EFBC}") = "IntegracaoSAP", "IntegracaoSAP\IntegracaoSAP.csproj", "{BEDE1CAB-765E-4233-A16E-24ADA5880968}"
EndProject
Global
	GlobalSection(SolutionConfigurationPlatforms) = preSolution
		Debug|Any CPU = Debug|Any CPU
		Release|Any CPU = Release|Any CPU
	EndGlobalSection
	GlobalSection(ProjectConfigurationPlatforms) = postSolution
		{BEDE1CAB-765E-4233-A16E-24ADA5880968}.Debug|Any CPU.ActiveCfg = Debug|Any CPU
		{BEDE1CAB-765E-4233-A16E-24ADA5880968}.Debug|Any CPU.Build.0 = Debug|Any CPU
		{BEDE1CAB-765E-4233-A16E-24ADA5880968}.Release|Any CPU.ActiveCfg = Release|Any CPU
		{BEDE1CAB-765E-4233-A16E-24ADA5880968}.Release|Any CPU.Build.0 = Release|Any CPU
	EndGlobalSection
	GlobalSection(SolutionProperties) = preSolution
		HideSolutionNode = FALSE
	EndGlobalSection
	GlobalSection(ExtensibilityGlobals) = postSolution
		SolutionGuid = {39D1E1FA-9F96-4605-84A3-806C494A754C}
	EndGlobalSection
EndGlobal
